<?xml version="1.0" encoding="UTF-8" standalone="yes" ?>
<CodeBlocks_project_file>
	<FileVersion major="1" minor="6" />
	<Project>
		<Option title="FightClub" />
		<Option pch_mode="2" />
		<Option compiler="gcc" />
		<Build>
			<Target title="Debug">
				<Option output="bin/Debug/FightClub" prefix_auto="1" extension_auto="1" />
				<Option object_output="obj/Debug/" />
				<Option type="1" />
				<Option compiler="gcc" />
				<Compiler>
					<Add option="-g" />
					<Add directory="include" />
				</Compiler>
			</Target>
			<Target title="Release">
				<Option output="bin/Release/FightClub" prefix_auto="1" extension_auto="1" />
				<Option object_output="obj/Release/" />
				<Option type="1" />
				<Option compiler="gcc" />
				<Compiler>
					<Add option="-O2" />
					<Add directory="include" />
				</Compiler>
				<Linker>
					<Add option="-s" />
				</Linker>
			</Target>
		</Build>
		<Compiler>
			<Add option="-Wall" />
		</Compiler>
		<Unit filename="include/AICharacter.h" />
		<Unit filename="include/Amputation.h" />
		<Unit filename="include/Character.h" />
		<Unit filename="include/CharacterClass.h" />
		<Unit filename="include/CharacterFactory.h" />
		<Unit filename="include/Fighter.h" />
		<Unit filename="include/FireBall.h" />
		<Unit filename="include/Heal.h" />
		<Unit filename="include/Healer.h" />
		<Unit filename="include/ISkill.h" />
		<Unit filename="include/ISkillUser.h" />
		<Unit filename="include/Lightning.h" />
		<Unit filename="include/Mage.h" />
		<Unit filename="include/Revive.h" />
		<Unit filename="include/Slash.h" />
		<Unit filename="include/Team.h" />
		<Unit filename="main.cpp">
			<Option target="Debug" />
		</Unit>
		<Unit filename="src/AICharacter.cpp" />
		<Unit filename="src/Amputation.cpp" />
		<Unit filename="src/Character.cpp" />
		<Unit filename="src/CharacterClass.cpp" />
		<Unit filename="src/CharacterFactory.cpp" />
		<Unit filename="src/Fighter.cpp" />
		<Unit filename="src/FireBall.cpp" />
		<Unit filename="src/Heal.cpp" />
		<Unit filename="src/Healer.cpp" />
		<Unit filename="src/ISkill.cpp" />
		<Unit filename="src/ISkillUser.cpp" />
		<Unit filename="src/Lightning.cpp" />
		<Unit filename="src/Mage.cpp" />
		<Unit filename="src/Revive.cpp" />
		<Unit filename="src/Slash.cpp" />
		<Unit filename="src/Team.cpp" />
		<Extensions>
			<lib_finder disable_auto="1" />
		</Extensions>
	</Project>
</CodeBlocks_project_file>
